// !$*UTF8*$!
{
	archiveVersion = 1;
	classes = {
	};
	objectVersion = 46;
	objects = {

/* Begin PBXBuildFile section */
		295792641B133FAD0080A48D /* CellView.m in Sources */ = {isa = PBXBuildFile; fileRef = 295792631B133FAD0080A48D /* CellView.m */; };
		295BEB471AA8624600CA55A7 /* main.m in Sources */ = {isa = PBXBuildFile; fileRef = 295BEB461AA8624600CA55A7 /* main.m */; };
		295BEB4A1AA8624600CA55A7 /* AppDelegate.m in Sources */ = {isa = PBXBuildFile; fileRef = 295BEB491AA8624600CA55A7 /* AppDelegate.m */; };
		295BEB4D1AA8624600CA55A7 /* ViewController.m in Sources */ = {isa = PBXBuildFile; fileRef = 295BEB4C1AA8624600CA55A7 /* ViewController.m */; };
		295BEB501AA8624600CA55A7 /* Main.storyboard in Resources */ = {isa = PBXBuildFile; fileRef = 295BEB4E1AA8624600CA55A7 /* Main.storyboard */; };
		295BEB521AA8624600CA55A7 /* Images.xcassets in Resources */ = {isa = PBXBuildFile; fileRef = 295BEB511AA8624600CA55A7 /* Images.xcassets */; };
		295BEB551AA8624600CA55A7 /* LaunchScreen.xib in Resources */ = {isa = PBXBuildFile; fileRef = 295BEB531AA8624600CA55A7 /* LaunchScreen.xib */; };
		295BEB611AA8624600CA55A7 /* TestTableViewTests.m in Sources */ = {isa = PBXBuildFile; fileRef = 295BEB601AA8624600CA55A7 /* TestTableViewTests.m */; };
		295BEB6C1AA868E100CA55A7 /* HeaderView.m in Sources */ = {isa = PBXBuildFile; fileRef = 295BEB6B1AA868E100CA55A7 /* HeaderView.m */; };
/* End PBXBuildFile section */

/* Begin PBXContainerItemProxy section */
		295BEB5B1AA8624600CA55A7 /* PBXContainerItemProxy */ = {
			isa = PBXContainerItemProxy;
			containerPortal = 295BEB391AA8624600CA55A7 /* Project object */;
			proxyType = 1;
			remoteGlobalIDString = 295BEB401AA8624600CA55A7;
			remoteInfo = TestTableView;
		};
/* End PBXContainerItemProxy section */

/* Begin PBXFileReference section */
		295792621B133FAD0080A48D /* CellView.h */ = {isa = PBXFileReference; fileEncoding = 4; lastKnownFileType = sourcecode.c.h; path = CellView.h; sourceTree = "<group>"; };
		295792631B133FAD0080A48D /* CellView.m */ = {isa = PBXFileReference; fileEncoding = 4; lastKnownFileType = sourcecode.c.objc; path = CellView.m; sourceTree = "<group>"; };
		295BEB411AA8624600CA55A7 /* TestTableView.app */ = {isa = PBXFileReference; explicitFileType = wrapper.application; includeInIndex = 0; path = TestTableView.app; sourceTree = BUILT_PRODUCTS_DIR; };
		295BEB451AA8624600CA55A7 /* Info.plist */ = {isa = PBXFileReference; lastKnownFileType = text.plist.xml; path = Info.plist; sourceTree = "<group>"; };
		295BEB461AA8624600CA55A7 /* main.m */ = {isa = PBXFileReference; lastKnownFileType = sourcecode.c.objc; path = main.m; sourceTree = "<group>"; };
		295BEB481AA8624600CA55A7 /* AppDelegate.h */ = {isa = PBXFileReference; lastKnownFileType = sourcecode.c.h; path = AppDelegate.h; sourceTree = "<group>"; };
		295BEB491AA8624600CA55A7 /* AppDelegate.m */ = {isa = PBXFileReference; lastKnownFileType = sourcecode.c.objc; path = AppDelegate.m; sourceTree = "<group>"; };
		295BEB4B1AA8624600CA55A7 /* ViewController.h */ = {isa = PBXFileReference; lastKnownFileType = sourcecode.c.h; path = ViewController.h; sourceTree = "<group>"; };
		295BEB4C1AA8624600CA55A7 /* ViewController.m */ = {isa = PBXFileReference; lastKnownFileType = sourcecode.c.objc; path = ViewController.m; sourceTree = "<group>"; };
		295BEB4F1AA8624600CA55A7 /* Base */ = {isa = PBXFileReference; lastKnownFileType = file.storyboard; name = Base; path = Base.lproj/Main.storyboard; sourceTree = "<group>"; };
		295BEB511AA8624600CA55A7 /* Images.xcassets */ = {isa = PBXFileReference; lastKnownFileType = folder.assetcatalog; path = Images.xcassets; sourceTree = "<group>"; };
		295BEB541AA8624600CA55A7 /* Base */ = {isa = PBXFileReference; lastKnownFileType = file.xib; name = Base; path = Base.lproj/LaunchScreen.xib; sourceTree = "<group>"; };
		295BEB5A1AA8624600CA55A7 /* TestTableViewTests.xctest */ = {isa = PBXFileReference; explicitFileType = wrapper.cfbundle; includeInIndex = 0; path = TestTableViewTests.xctest; sourceTree = BUILT_PRODUCTS_DIR; };
		295BEB5F1AA8624600CA55A7 /* Info.plist */ = {isa = PBXFileReference; lastKnownFileType = text.plist.xml; path = Info.plist; sourceTree = "<group>"; };
		295BEB601AA8624600CA55A7 /* TestTableViewTests.m */ = {isa = PBXFileReference; lastKnownFileType = sourcecode.c.objc; path = TestTableViewTests.m; sourceTree = "<group>"; };
		295BEB6A1AA868E100CA55A7 /* HeaderView.h */ = {isa = PBXFileReference; fileEncoding = 4; lastKnownFileType = sourcecode.c.h; path = HeaderView.h; sourceTree = "<group>"; };
		295BEB6B1AA868E100CA55A7 /* HeaderView.m */ = {isa = PBXFileReference; fileEncoding = 4; lastKnownFileType = sourcecode.c.objc; path = HeaderView.m; sourceTree = "<group>"; };
/* End PBXFileReference section */

/* Begin PBXFrameworksBuildPhase section */
		295BEB3E1AA8624600CA55A7 /* Frameworks */ = {
			isa = PBXFrameworksBuildPhase;
			buildActionMask = 2147483647;
			files = (
			);
			runOnlyForDeploymentPostprocessing = 0;
		};
		295BEB571AA8624600CA55A7 /* Frameworks */ = {
			isa = PBXFrameworksBuildPhase;
			buildActionMask = 2147483647;
			files = (
			);
			runOnlyForDeploymentPostprocessing = 0;
		};
/* End PBXFrameworksBuildPhase section */

/* Begin PBXGroup section */
		295BEB381AA8624600CA55A7 = {
			isa = PBXGroup;
			children = (
				295BEB431AA8624600CA55A7 /* TestTableView */,
				295BEB5D1AA8624600CA55A7 /* TestTableViewTests */,
				295BEB421AA8624600CA55A7 /* Products */,
			);
			sourceTree = "<group>";
		};
		295BEB421AA8624600CA55A7 /* Products */ = {
			isa = PBXGroup;
			children = (
				295BEB411AA8624600CA55A7 /* TestTableView.app */,
				295BEB5A1AA8624600CA55A7 /* TestTableViewTests.xctest */,
			);
			name = Products;
			sourceTree = "<group>";
		};
		295BEB431AA8624600CA55A7 /* TestTableView */ = {
			isa = PBXGroup;
			children = (
				295BEB481AA8624600CA55A7 /* AppDelegate.h */,
				295BEB491AA8624600CA55A7 /* AppDelegate.m */,
				295BEB4B1AA8624600CA55A7 /* ViewController.h */,
				295BEB4C1AA8624600CA55A7 /* ViewController.m */,
				295BEB4E1AA8624600CA55A7 /* Main.storyboard */,
				295BEB511AA8624600CA55A7 /* Images.xcassets */,
				295BEB531AA8624600CA55A7 /* LaunchScreen.xib */,
				295BEB441AA8624600CA55A7 /* Supporting Files */,
				295BEB6A1AA868E100CA55A7 /* HeaderView.h */,
				295BEB6B1AA868E100CA55A7 /* HeaderView.m */,
				295792621B133FAD0080A48D /* CellView.h */,
				295792631B133FAD0080A48D /* CellView.m */,
			);
			path = TestTableView;
			sourceTree = "<group>";
		};
		295BEB441AA8624600CA55A7 /* Supporting Files */ = {
			isa = PBXGroup;
			children = (
				295BEB451AA8624600CA55A7 /* Info.plist */,
				295BEB461AA8624600CA55A7 /* main.m */,
			);
			name = "Supporting Files";
			sourceTree = "<group>";
		};
		295BEB5D1AA8624600CA55A7 /* TestTableViewTests */ = {
			isa = PBXGroup;
			children = (
				295BEB601AA8624600CA55A7 /* TestTableViewTests.m */,
				295BEB5E1AA8624600CA55A7 /* Supporting Files */,
			);
			path = TestTableViewTests;
			sourceTree = "<group>";
		};
		295BEB5E1AA8624600CA55A7 /* Supporting Files */ = {
			isa = PBXGroup;
			children = (
				295BEB5F1AA8624600CA55A7 /* Info.plist */,
			);
			name = "Supporting Files";
			sourceTree = "<group>";
		};
/* End PBXGroup section */

/* Begin PBXNativeTarget section */
		295BEB401AA8624600CA55A7 /* TestTableView */ = {
			isa = PBXNativeTarget;
			buildConfigurationList = 295BEB641AA8624600CA55A7 /* Build configuration list for PBXNativeTarget "TestTableView" */;
			buildPhases = (
				295BEB3D1AA8624600CA55A7 /* Sources */,
				295BEB3E1AA8624600CA55A7 /* Frameworks */,
				295BEB3F1AA8624600CA55A7 /* Resources */,
			);
			buildRules = (
			);
			dependencies = (
			);
			name = TestTableView;
			productName = TestTableView;
			productReference = 295BEB411AA8624600CA55A7 /* TestTableView.app */;
			productType = "com.apple.product-type.application";
		};
		295BEB591AA8624600CA55A7 /* TestTableViewTests */ = {
			isa = PBXNativeTarget;
			buildConfigurationList = 295BEB671AA8624600CA55A7 /* Build configuration list for PBXNativeTarget "TestTableViewTests" */;
			buildPhases = (
				295BEB561AA8624600CA55A7 /* Sources */,
				295BEB571AA8624600CA55A7 /* Frameworks */,
				295BEB581AA8624600CA55A7 /* Resources */,
			);
			buildRules = (
			);
			dependencies = (
				295BEB5C1AA8624600CA55A7 /* PBXTargetDependency */,
			);
			name = TestTableViewTests;
			productName = TestTableViewTests;
			productReference = 295BEB5A1AA8624600CA55A7 /* TestTableViewTests.xctest */;
			productType = "com.apple.product-type.bundle.unit-test";
		};
/* End PBXNativeTarget section */

/* Begin PBXProject section */
		295BEB391AA8624600CA55A7 /* Project object */ = {
			isa = PBXProject;
			attributes = {
				LastUpgradeCheck = 0610;
				ORGANIZATIONNAME = "Lin, Forrest";
				TargetAttributes = {
					295BEB401AA8624600CA55A7 = {
						CreatedOnToolsVersion = 6.1.1;
					};
					295BEB591AA8624600CA55A7 = {
						CreatedOnToolsVersion = 6.1.1;
						TestTargetID = 295BEB401AA8624600CA55A7;
					};
				};
			};
			buildConfigurationList = 295BEB3C1AA8624600CA55A7 /* Build configuration list for PBXProject "TestTableView" */;
			compatibilityVersion = "Xcode 3.2";
			developmentRegion = English;
			hasScannedForEncodings = 0;
			knownRegions = (
				en,
				Base,
			);
			mainGroup = 295BEB381AA8624600CA55A7;
			productRefGroup = 295BEB421AA8624600CA55A7 /* Products */;
			projectDirPath = "";
			projectRoot = "";
			targets = (
				295BEB401AA8624600CA55A7 /* TestTableView */,
				295BEB591AA8624600CA55A7 /* TestTableViewTests */,
			);
		};
/* End PBXProject section */

/* Begin PBXResourcesBuildPhase section */
		295BEB3F1AA8624600CA55A7 /* Resources */ = {
			isa = PBXResourcesBuildPhase;
			buildActionMask = 2147483647;
			files = (
				295BEB501AA8624600CA55A7 /* Main.storyboard in Resources */,
				295BEB551AA8624600CA55A7 /* LaunchScreen.xib in Resources */,
				295BEB521AA8624600CA55A7 /* Images.xcassets in Resources */,
			);
			runOnlyForDeploymentPostprocessing = 0;
		};
		295BEB581AA8624600CA55A7 /* Resources */ = {
			isa = PBXResourcesBuildPhase;
			buildActionMask = 2147483647;
			files = (
			);
			runOnlyForDeploymentPostprocessing = 0;
		};
/* End PBXResourcesBuildPhase section */

/* Begin PBXSourcesBuildPhase section */
		295BEB3D1AA8624600CA55A7 /* Sources */ = {
			isa = PBXSourcesBuildPhase;
			buildActionMask = 2147483647;
			files = (
				295BEB4D1AA8624600CA55A7 /* ViewController.m in Sources */,
				295BEB4A1AA8624600CA55A7 /* AppDelegate.m in Sources */,
				295792641B133FAD0080A48D /* CellView.m in Sources */,
				295BEB471AA8624600CA55A7 /* main.m in Sources */,
				295BEB6C1AA868E100CA55A7 /* HeaderView.m in Sources */,
			);
			runOnlyForDeploymentPostprocessing = 0;
		};
		295BEB561AA8624600CA55A7 /* Sources */ = {
			isa = PBXSourcesBuildPhase;
			buildActionMask = 2147483647;
			files = (
				295BEB611AA8624600CA55A7 /* TestTableViewTests.m in Sources */,
			);
			runOnlyForDeploymentPostprocessing = 0;
		};
/* End PBXSourcesBuildPhase section */

/* Begin PBXTargetDependency section */
		295BEB5C1AA8624600CA55A7 /* PBXTargetDependency */ = {
			isa = PBXTargetDependency;
			target = 295BEB401AA8624600CA55A7 /* TestTableView */;
			targetProxy = 295BEB5B1AA8624600CA55A7 /* PBXContainerItemProxy */;
		};
/* End PBXTargetDependency section */

/* Begin PBXVariantGroup section */
		295BEB4E1AA8624600CA55A7 /* Main.storyboard */ = {
			isa = PBXVariantGroup;
			children = (
				295BEB4F1AA8624600CA55A7 /* Base */,
			);
			name = Main.storyboard;
			sourceTree = "<group>";
		};
		295BEB531AA8624600CA55A7 /* LaunchScreen.xib */ = {
			isa = PBXVariantGroup;
			children = (
				295BEB541AA8624600CA55A7 /* Base */,
			);
			name = LaunchScreen.xib;
			sourceTree = "<group>";
		};
/* End PBXVariantGroup section */

/* Begin XCBuildConfiguration section */
		295BEB621AA8624600CA55A7 /* Debug */ = {
			isa = XCBuildConfiguration;
			buildSettings = {
				ALWAYS_SEARCH_USER_PATHS = NO;
				CLANG_CXX_LANGUAGE_STANDARD = "gnu++0x";
				CLANG_CXX_LIBRARY = "libc++";
				CLANG_ENABLE_MODULES = YES;
				CLANG_ENABLE_OBJC_ARC = YES;
				CLANG_WARN_BOOL_CONVERSION = YES;
				CLANG_WARN_CONSTANT_CONVERSION = YES;
				CLANG_WARN_DIRECT_OBJC_ISA_USAGE = YES_ERROR;
				CLANG_WARN_EMPTY_BODY = YES;
				CLANG_WARN_ENUM_CONVERSION = YES;
				CLANG_WARN_INT_CONVERSION = YES;
				CLANG_WARN_OBJC_ROOT_CLASS = YES_ERROR;
				CLANG_WARN_UNREACHABLE_CODE = YES;
				CLANG_WARN__DUPLICATE_METHOD_MATCH = YES;
				"CODE_SIGN_IDENTITY[sdk=iphoneos*]" = "iPhone Developer";
				COPY_PHASE_STRIP = NO;
				ENABLE_STRICT_OBJC_MSGSEND = YES;
				GCC_C_LANGUAGE_STANDARD = gnu99;
				GCC_DYNAMIC_NO_PIC = NO;
				GCC_OPTIMIZATION_LEVEL = 0;
				GCC_PREPROCESSOR_DEFINITIONS = (
					"DEBUG=1",
					"$(inherited)",
				);
				GCC_SYMBOLS_PRIVATE_EXTERN = NO;
				GCC_WARN_64_TO_32_BIT_CONVERSION = YES;
				GCC_WARN_ABOUT_RETURN_TYPE = YES_ERROR;
				GCC_WARN_UNDECLARED_SELECTOR = YES;
				GCC_WARN_UNINITIALIZED_AUTOS = YES_AGGRESSIVE;
				GCC_WARN_UNUSED_FUNCTION = YES;
				GCC_WARN_UNUSED_VARIABLE = YES;
				IPHONEOS_DEPLOYMENT_TARGET = 8.1;
				MTL_ENABLE_DEBUG_INFO = YES;
				ONLY_ACTIVE_ARCH = YES;
				SDKROOT = iphoneos;
			};
			name = Debug;
		};
		295BEB631AA8624600CA55A7 /* Release */ = {
			isa = XCBuildConfiguration;
			buildSettings = {
				ALWAYS_SEARCH_USER_PATHS = NO;
				CLANG_CXX_LANGUAGE_STANDARD = "gnu++0x";
				CLANG_CXX_LIBRARY = "libc++";
				CLANG_ENABLE_MODULES = YES;
				CLANG_ENABLE_OBJC_ARC = YES;
				CLANG_WARN_BOOL_CONVERSION = YES;
				CLANG_WARN_CONSTANT_CONVERSION = YES;
				CLANG_WARN_DIRECT_OBJC_ISA_USAGE = YES_ERROR;
				CLANG_WARN_EMPTY_BODY = YES;
				CLANG_WARN_ENUM_CONVERSION = YES;
				CLANG_WARN_INT_CONVERSION = YES;
				CLANG_WARN_OBJC_ROOT_CLASS = YES_ERROR;
				CLANG_WARN_UNREACHABLE_CODE = YES;
				CLANG_WARN__DUPLICATE_METHOD_MATCH = YES;
				"CODE_SIGN_IDENTITY[sdk=iphoneos*]" = "iPhone Developer";
				COPY_PHASE_STRIP = YES;
				ENABLE_NS_ASSERTIONS = NO;
				ENABLE_STRICT_OBJC_MSGSEND = YES;
				GCC_C_LANGUAGE_STANDARD = gnu99;
				GCC_WARN_64_TO_32_BIT_CONVERSION = YES;
				GCC_WARN_ABOUT_RETURN_TYPE = YES_ERROR;
				GCC_WARN_UNDECLARED_SELECTOR = YES;
				GCC_WARN_UNINITIALIZED_AUTOS = YES_AGGRESSIVE;
				GCC_WARN_UNUSED_FUNCTION = YES;
				GCC_WARN_UNUSED_VARIABLE = YES;
				IPHONEOS_DEPLOYMENT_TARGET = 8.1;
				MTL_ENABLE_DEBUG_INFO = NO;
				SDKROOT = iphoneos;
				VALIDATE_PRODUCT = YES;
			};
			name = Release;
		};
		295BEB651AA8624600CA55A7 /* Debug */ = {
			isa = XCBuildConfiguration;
			buildSettings = {
				ASSETCATALOG_COMPILER_APPICON_NAME = AppIcon;
				INFOPLIST_FILE = TestTableView/Info.plist;
				LD_RUNPATH_SEARCH_PATHS = "$(inherited) @executable_path/Frameworks";
				PRODUCT_NAME = "$(TARGET_NAME)";
			};
			name = Debug;
		};
		295BEB661AA8624600CA55A7 /* Release */ = {
			isa = XCBuildConfiguration;
			buildSettings = {
				ASSETCATALOG_COMPILER_APPICON_NAME = AppIcon;
				INFOPLIST_FILE = TestTableView/Info.plist;
				LD_RUNPATH_SEARCH_PATHS = "$(inherited) @executable_path/Frameworks";
				PRODUCT_NAME = "$(TARGET_NAME)";
			};
			name = Release;
		};
		295BEB681AA8624600CA55A7 /* Debug */ = {
			isa = XCBuildConfiguration;
			buildSettings = {
				BUNDLE_LOADER = "$(TEST_HOST)";
				FRAMEWORK_SEARCH_PATHS = (
					"$(SDKROOT)/Developer/Library/Frameworks",
					"$(inherited)",
				);
				GCC_PREPROCESSOR_DEFINITIONS = (
					"DEBUG=1",
					"$(inherited)",
				);
				INFOPLIST_FILE = TestTableViewTests/Info.plist;
				LD_RUNPATH_SEARCH_PATHS = "$(inherited) @executable_path/Frameworks @loader_path/Frameworks";
				PRODUCT_NAME = "$(TARGET_NAME)";
				TEST_HOST = "$(BUILT_PRODUCTS_DIR)/TestTableView.app/TestTableView";
			};
			name = Debug;
		};
		295BEB691AA8624600CA55A7 /* Release */ = {
			isa = XCBuildConfiguration;
			buildSettings = {
				BUNDLE_LOADER = "$(TEST_HOST)";
				FRAMEWORK_SEARCH_PATHS = (
					"$(SDKROOT)/Developer/Library/Frameworks",
					"$(inherited)",
				);
				INFOPLIST_FILE = TestTableViewTests/Info.plist;
				LD_RUNPATH_SEARCH_PATHS = "$(inherited) @executable_path/Frameworks @loader_path/Frameworks";
				PRODUCT_NAME = "$(TARGET_NAME)";
				TEST_HOST = "$(BUILT_PRODUCTS_DIR)/TestTableView.app/TestTableView";
			};
			name = Release;
		};
/* End XCBuildConfiguration section */

/* Begin XCConfigurationList section */
		295BEB3C1AA8624600CA55A7 /* Build configuration list for PBXProject "TestTableView" */ = {
			isa = XCConfigurationList;
			buildConfigurations = (
				295BEB621AA8624600CA55A7 /* Debug */,
				295BEB631AA8624600CA55A7 /* Release */,
			);
			defaultConfigurationIsVisible = 0;
			defaultConfigurationName = Release;
		};
		295BEB641AA8624600CA55A7 /* Build configuration list for PBXNativeTarget "TestTableView" */ = {
			isa = XCConfigurationList;
			buildConfigurations = (
				295BEB651AA8624600CA55A7 /* Debug */,
				295BEB661AA8624600CA55A7 /* Release */,
			);
			defaultConfigurationIsVisible = 0;
			defaultConfigurationName = Release;
		};
		295BEB671AA8624600CA55A7 /* Build configuration list for PBXNativeTarget "TestTableViewTests" */ = {
			isa = XCConfigurationList;
			buildConfigurations = (
				295BEB681AA8624600CA55A7 /* Debug */,
				295BEB691AA8624600CA55A7 /* Release */,
			);
			defaultConfigurationIsVisible = 0;
			defaultConfigurationName = Release;
		};
/* End XCConfigurationList section */
	};
	rootObject = 295BEB391AA8624600CA55A7 /* Project object */;
}
